// !$*UTF8*$!
{
	archiveVersion = 1;
	classes = {
	};
	objectVersion = 50;
	objects = {

/* Begin PBXBuildFile section */
		C97F5EEB26EFFF360036C96B /* LocationService.swift in Sources */ = {isa = PBXBuildFile; fileRef = C97F5EEA26EFFF360036C96B /* LocationService.swift */; };
		C97F5EEE26F001210036C96B /* LocationAlertControllers.swift in Sources */ = {isa = PBXBuildFile; fileRef = C97F5EED26F001210036C96B /* LocationAlertControllers.swift */; };
		C9894CCD26EBC40B00C86AF6 /* AppDelegate.swift in Sources */ = {isa = PBXBuildFile; fileRef = C9894CCC26EBC40B00C86AF6 /* AppDelegate.swift */; };
		C9894CCF26EBC40B00C86AF6 /* SceneDelegate.swift in Sources */ = {isa = PBXBuildFile; fileRef = C9894CCE26EBC40B00C86AF6 /* SceneDelegate.swift */; };
		C9894CD126EBC40B00C86AF6 /* ListViewController.swift in Sources */ = {isa = PBXBuildFile; fileRef = C9894CD026EBC40B00C86AF6 /* ListViewController.swift */; };
		C9894CD426EBC40B00C86AF6 /* Main.storyboard in Resources */ = {isa = PBXBuildFile; fileRef = C9894CD226EBC40B00C86AF6 /* Main.storyboard */; };
		C9894CD926EBC41200C86AF6 /* LaunchScreen.storyboard in Resources */ = {isa = PBXBuildFile; fileRef = C9894CD726EBC41200C86AF6 /* LaunchScreen.storyboard */; };
		C9894CE226EBC5FF00C86AF6 /* ListCollectionController.swift in Sources */ = {isa = PBXBuildFile; fileRef = C9894CE126EBC5FF00C86AF6 /* ListCollectionController.swift */; };
		C9894CE526EBC71700C86AF6 /* Restaurant.swift in Sources */ = {isa = PBXBuildFile; fileRef = C9894CE426EBC71700C86AF6 /* Restaurant.swift */; };
		C9894CE826EBCCB200C86AF6 /* PlacesAPIService.swift in Sources */ = {isa = PBXBuildFile; fileRef = C9894CE726EBCCB200C86AF6 /* PlacesAPIService.swift */; };
		C9894CEA26EBEF9E00C86AF6 /* ListLayout.swift in Sources */ = {isa = PBXBuildFile; fileRef = C9894CE926EBEF9E00C86AF6 /* ListLayout.swift */; };
		C9894CED26EBEFF600C86AF6 /* RestaurantCVCell.swift in Sources */ = {isa = PBXBuildFile; fileRef = C9894CEC26EBEFF600C86AF6 /* RestaurantCVCell.swift */; };
		C9894CEF26EBF05D00C86AF6 /* DetailViewContent.swift in Sources */ = {isa = PBXBuildFile; fileRef = C9894CEE26EBF05D00C86AF6 /* DetailViewContent.swift */; };
		C9E2D67826F00B0C00E0580E /* StarStack.swift in Sources */ = {isa = PBXBuildFile; fileRef = C9E2D67726F00B0C00E0580E /* StarStack.swift */; };
		C9E2D67A26F00B1F00E0580E /* DetailVerticalStack.swift in Sources */ = {isa = PBXBuildFile; fileRef = C9E2D67926F00B1F00E0580E /* DetailVerticalStack.swift */; };
		C9E2D67C26F00E2400E0580E /* RestaurantViewModel.swift in Sources */ = {isa = PBXBuildFile; fileRef = C9E2D67B26F00E2400E0580E /* RestaurantViewModel.swift */; };
		C9E2D67F26F05CA100E0580E /* MapViewController.swift in Sources */ = {isa = PBXBuildFile; fileRef = C9E2D67E26F05CA100E0580E /* MapViewController.swift */; };
		C9E2D68226F0638300E0580E /* FilterViewController.swift in Sources */ = {isa = PBXBuildFile; fileRef = C9E2D68126F0638300E0580E /* FilterViewController.swift */; };
		C9E2D68426F06E7600E0580E /* LunchAnnotation.swift in Sources */ = {isa = PBXBuildFile; fileRef = C9E2D68326F06E7600E0580E /* LunchAnnotation.swift */; };
		C9E2D68626F0785100E0580E /* LunchAnnotationView.swift in Sources */ = {isa = PBXBuildFile; fileRef = C9E2D68526F0785100E0580E /* LunchAnnotationView.swift */; };
		C9E2D68826F10BE800E0580E /* FilterView.swift in Sources */ = {isa = PBXBuildFile; fileRef = C9E2D68726F10BE800E0580E /* FilterView.swift */; };
		C9E2D68A26F10C0400E0580E /* FilterView.xib in Resources */ = {isa = PBXBuildFile; fileRef = C9E2D68926F10C0400E0580E /* FilterView.xib */; };
		C9E2D68C26F11BA800E0580E /* Assets.xcassets in Resources */ = {isa = PBXBuildFile; fileRef = C9E2D68B26F11BA800E0580E /* Assets.xcassets */; };
		C9E2D68F26F11D2F00E0580E /* NotificationNames.swift in Sources */ = {isa = PBXBuildFile; fileRef = C9E2D68E26F11D2F00E0580E /* NotificationNames.swift */; };
		C9E2D69226F1489300E0580E /* DetailViewController.swift in Sources */ = {isa = PBXBuildFile; fileRef = C9E2D69126F1489300E0580E /* DetailViewController.swift */; };
		C9E2D69426F158BD00E0580E /* RestaurantImages.swift in Sources */ = {isa = PBXBuildFile; fileRef = C9E2D69326F158BD00E0580E /* RestaurantImages.swift */; };
/* End PBXBuildFile section */

/* Begin PBXFileReference section */
		C97F5EEA26EFFF360036C96B /* LocationService.swift */ = {isa = PBXFileReference; lastKnownFileType = sourcecode.swift; path = LocationService.swift; sourceTree = "<group>"; };
		C97F5EED26F001210036C96B /* LocationAlertControllers.swift */ = {isa = PBXFileReference; lastKnownFileType = sourcecode.swift; path = LocationAlertControllers.swift; sourceTree = "<group>"; };
		C9894CC926EBC40B00C86AF6 /* AllTrails_Lunchtime.app */ = {isa = PBXFileReference; explicitFileType = wrapper.application; includeInIndex = 0; path = AllTrails_Lunchtime.app; sourceTree = BUILT_PRODUCTS_DIR; };
		C9894CCC26EBC40B00C86AF6 /* AppDelegate.swift */ = {isa = PBXFileReference; lastKnownFileType = sourcecode.swift; path = AppDelegate.swift; sourceTree = "<group>"; };
		C9894CCE26EBC40B00C86AF6 /* SceneDelegate.swift */ = {isa = PBXFileReference; lastKnownFileType = sourcecode.swift; path = SceneDelegate.swift; sourceTree = "<group>"; };
		C9894CD026EBC40B00C86AF6 /* ListViewController.swift */ = {isa = PBXFileReference; lastKnownFileType = sourcecode.swift; path = ListViewController.swift; sourceTree = "<group>"; };
		C9894CD326EBC40B00C86AF6 /* Base */ = {isa = PBXFileReference; lastKnownFileType = file.storyboard; name = Base; path = Base.lproj/Main.storyboard; sourceTree = "<group>"; };
		C9894CD826EBC41200C86AF6 /* Base */ = {isa = PBXFileReference; lastKnownFileType = file.storyboard; name = Base; path = Base.lproj/LaunchScreen.storyboard; sourceTree = "<group>"; };
		C9894CDA26EBC41200C86AF6 /* Info.plist */ = {isa = PBXFileReference; lastKnownFileType = text.plist.xml; path = Info.plist; sourceTree = "<group>"; };
		C9894CE126EBC5FF00C86AF6 /* ListCollectionController.swift */ = {isa = PBXFileReference; lastKnownFileType = sourcecode.swift; path = ListCollectionController.swift; sourceTree = "<group>"; };
		C9894CE426EBC71700C86AF6 /* Restaurant.swift */ = {isa = PBXFileReference; lastKnownFileType = sourcecode.swift; path = Restaurant.swift; sourceTree = "<group>"; };
		C9894CE726EBCCB200C86AF6 /* PlacesAPIService.swift */ = {isa = PBXFileReference; lastKnownFileType = sourcecode.swift; path = PlacesAPIService.swift; sourceTree = "<group>"; };
		C9894CE926EBEF9E00C86AF6 /* ListLayout.swift */ = {isa = PBXFileReference; lastKnownFileType = sourcecode.swift; path = ListLayout.swift; sourceTree = "<group>"; };
		C9894CEC26EBEFF600C86AF6 /* RestaurantCVCell.swift */ = {isa = PBXFileReference; lastKnownFileType = sourcecode.swift; path = RestaurantCVCell.swift; sourceTree = "<group>"; };
		C9894CEE26EBF05D00C86AF6 /* DetailViewContent.swift */ = {isa = PBXFileReference; lastKnownFileType = sourcecode.swift; path = DetailViewContent.swift; sourceTree = "<group>"; };
		C9E2D67626F0099E00E0580E /* AllTrails_Lunchtime.entitlements */ = {isa = PBXFileReference; lastKnownFileType = text.plist.entitlements; path = AllTrails_Lunchtime.entitlements; sourceTree = "<group>"; };
		C9E2D67726F00B0C00E0580E /* StarStack.swift */ = {isa = PBXFileReference; lastKnownFileType = sourcecode.swift; path = StarStack.swift; sourceTree = "<group>"; };
		C9E2D67926F00B1F00E0580E /* DetailVerticalStack.swift */ = {isa = PBXFileReference; lastKnownFileType = sourcecode.swift; path = DetailVerticalStack.swift; sourceTree = "<group>"; };
		C9E2D67B26F00E2400E0580E /* RestaurantViewModel.swift */ = {isa = PBXFileReference; lastKnownFileType = sourcecode.swift; path = RestaurantViewModel.swift; sourceTree = "<group>"; };
		C9E2D67E26F05CA100E0580E /* MapViewController.swift */ = {isa = PBXFileReference; lastKnownFileType = sourcecode.swift; path = MapViewController.swift; sourceTree = "<group>"; };
		C9E2D68126F0638300E0580E /* FilterViewController.swift */ = {isa = PBXFileReference; lastKnownFileType = sourcecode.swift; path = FilterViewController.swift; sourceTree = "<group>"; };
		C9E2D68326F06E7600E0580E /* LunchAnnotation.swift */ = {isa = PBXFileReference; lastKnownFileType = sourcecode.swift; path = LunchAnnotation.swift; sourceTree = "<group>"; };
		C9E2D68526F0785100E0580E /* LunchAnnotationView.swift */ = {isa = PBXFileReference; lastKnownFileType = sourcecode.swift; path = LunchAnnotationView.swift; sourceTree = "<group>"; };
		C9E2D68726F10BE800E0580E /* FilterView.swift */ = {isa = PBXFileReference; lastKnownFileType = sourcecode.swift; path = FilterView.swift; sourceTree = "<group>"; };
		C9E2D68926F10C0400E0580E /* FilterView.xib */ = {isa = PBXFileReference; lastKnownFileType = file.xib; path = FilterView.xib; sourceTree = "<group>"; };
		C9E2D68B26F11BA800E0580E /* Assets.xcassets */ = {isa = PBXFileReference; lastKnownFileType = folder.assetcatalog; path = Assets.xcassets; sourceTree = "<group>"; };
		C9E2D68E26F11D2F00E0580E /* NotificationNames.swift */ = {isa = PBXFileReference; lastKnownFileType = sourcecode.swift; path = NotificationNames.swift; sourceTree = "<group>"; };
		C9E2D69126F1489300E0580E /* DetailViewController.swift */ = {isa = PBXFileReference; lastKnownFileType = sourcecode.swift; path = DetailViewController.swift; sourceTree = "<group>"; };
		C9E2D69326F158BD00E0580E /* RestaurantImages.swift */ = {isa = PBXFileReference; lastKnownFileType = sourcecode.swift; path = RestaurantImages.swift; sourceTree = "<group>"; };
/* End PBXFileReference section */

/* Begin PBXFrameworksBuildPhase section */
		C9894CC626EBC40B00C86AF6 /* Frameworks */ = {
			isa = PBXFrameworksBuildPhase;
			buildActionMask = 2147483647;
			files = (
			);
			runOnlyForDeploymentPostprocessing = 0;
		};
/* End PBXFrameworksBuildPhase section */

/* Begin PBXGroup section */
		C97F5EE926EFFF0C0036C96B /* Location Service */ = {
			isa = PBXGroup;
			children = (
				C97F5EEA26EFFF360036C96B /* LocationService.swift */,
			);
			path = "Location Service";
			sourceTree = "<group>";
		};
		C97F5EEC26F001090036C96B /* Alert Controllers */ = {
			isa = PBXGroup;
			children = (
				C97F5EED26F001210036C96B /* LocationAlertControllers.swift */,
			);
			path = "Alert Controllers";
			sourceTree = "<group>";
		};
		C9894CC026EBC40B00C86AF6 = {
			isa = PBXGroup;
			children = (
				C9894CCB26EBC40B00C86AF6 /* AllTrails_Lunchtime */,
				C9894CCA26EBC40B00C86AF6 /* Products */,
			);
			sourceTree = "<group>";
		};
		C9894CCA26EBC40B00C86AF6 /* Products */ = {
			isa = PBXGroup;
			children = (
				C9894CC926EBC40B00C86AF6 /* AllTrails_Lunchtime.app */,
			);
			name = Products;
			sourceTree = "<group>";
		};
		C9894CCB26EBC40B00C86AF6 /* AllTrails_Lunchtime */ = {
			isa = PBXGroup;
			children = (
				C9E2D67626F0099E00E0580E /* AllTrails_Lunchtime.entitlements */,
				C9894CCC26EBC40B00C86AF6 /* AppDelegate.swift */,
				C9894CCE26EBC40B00C86AF6 /* SceneDelegate.swift */,
				C9E2D69026F1486B00E0580E /* DetailVC */,
				C9E2D68D26F11D1C00E0580E /* Constants */,
				C9E2D68026F0636A00E0580E /* FilterViewController */,
				C9E2D67D26F05C8100E0580E /* Map */,
				C97F5EEC26F001090036C96B /* Alert Controllers */,
				C97F5EE926EFFF0C0036C96B /* Location Service */,
				C9894CEB26EBEFD300C86AF6 /* Cells */,
				C9894CE626EBCC9100C86AF6 /* API Service */,
				C9894CE326EBC6D700C86AF6 /* Model */,
				C9894CE026EBC5D200C86AF6 /* List */,
				C9894CD226EBC40B00C86AF6 /* Main.storyboard */,
				C9E2D68B26F11BA800E0580E /* Assets.xcassets */,
				C9894CD726EBC41200C86AF6 /* LaunchScreen.storyboard */,
				C9894CDA26EBC41200C86AF6 /* Info.plist */,
			);
			path = AllTrails_Lunchtime;
			sourceTree = "<group>";
		};
		C9894CE026EBC5D200C86AF6 /* List */ = {
			isa = PBXGroup;
			children = (
				C9894CD026EBC40B00C86AF6 /* ListViewController.swift */,
				C9894CE126EBC5FF00C86AF6 /* ListCollectionController.swift */,
				C9894CE926EBEF9E00C86AF6 /* ListLayout.swift */,
			);
			path = List;
			sourceTree = "<group>";
		};
		C9894CE326EBC6D700C86AF6 /* Model */ = {
			isa = PBXGroup;
			children = (
				C9894CE426EBC71700C86AF6 /* Restaurant.swift */,
				C9E2D67B26F00E2400E0580E /* RestaurantViewModel.swift */,
				C9E2D69326F158BD00E0580E /* RestaurantImages.swift */,
			);
			path = Model;
			sourceTree = "<group>";
		};
		C9894CE626EBCC9100C86AF6 /* API Service */ = {
			isa = PBXGroup;
			children = (
				C9894CE726EBCCB200C86AF6 /* PlacesAPIService.swift */,
			);
			path = "API Service";
			sourceTree = "<group>";
		};
		C9894CEB26EBEFD300C86AF6 /* Cells */ = {
			isa = PBXGroup;
			children = (
				C9894CEE26EBF05D00C86AF6 /* DetailViewContent.swift */,
				C9E2D67726F00B0C00E0580E /* StarStack.swift */,
				C9E2D67926F00B1F00E0580E /* DetailVerticalStack.swift */,
				C9894CEC26EBEFF600C86AF6 /* RestaurantCVCell.swift */,
			);
			path = Cells;
			sourceTree = "<group>";
		};
		C9E2D67D26F05C8100E0580E /* Map */ = {
			isa = PBXGroup;
			children = (
				C9E2D67E26F05CA100E0580E /* MapViewController.swift */,
				C9E2D68326F06E7600E0580E /* LunchAnnotation.swift */,
				C9E2D68526F0785100E0580E /* LunchAnnotationView.swift */,
			);
			path = Map;
			sourceTree = "<group>";
		};
		C9E2D68026F0636A00E0580E /* FilterViewController */ = {
			isa = PBXGroup;
			children = (
				C9E2D68126F0638300E0580E /* FilterViewController.swift */,
				C9E2D68726F10BE800E0580E /* FilterView.swift */,
				C9E2D68926F10C0400E0580E /* FilterView.xib */,
			);
			path = FilterViewController;
			sourceTree = "<group>";
		};
		C9E2D68D26F11D1C00E0580E /* Constants */ = {
			isa = PBXGroup;
			children = (
				C9E2D68E26F11D2F00E0580E /* NotificationNames.swift */,
			);
			path = Constants;
			sourceTree = "<group>";
		};
		C9E2D69026F1486B00E0580E /* DetailVC */ = {
			isa = PBXGroup;
			children = (
				C9E2D69126F1489300E0580E /* DetailViewController.swift */,
			);
			path = DetailVC;
			sourceTree = "<group>";
		};
/* End PBXGroup section */

/* Begin PBXNativeTarget section */
		C9894CC826EBC40B00C86AF6 /* AllTrails_Lunchtime */ = {
			isa = PBXNativeTarget;
			buildConfigurationList = C9894CDD26EBC41200C86AF6 /* Build configuration list for PBXNativeTarget "AllTrails_Lunchtime" */;
			buildPhases = (
				C9894CC526EBC40B00C86AF6 /* Sources */,
				C9894CC626EBC40B00C86AF6 /* Frameworks */,
				C9894CC726EBC40B00C86AF6 /* Resources */,
			);
			buildRules = (
			);
			dependencies = (
			);
			name = AllTrails_Lunchtime;
			productName = AllTrails_Lunchtime;
			productReference = C9894CC926EBC40B00C86AF6 /* AllTrails_Lunchtime.app */;
			productType = "com.apple.product-type.application";
		};
/* End PBXNativeTarget section */

/* Begin PBXProject section */
		C9894CC126EBC40B00C86AF6 /* Project object */ = {
			isa = PBXProject;
			attributes = {
				LastSwiftUpdateCheck = 1250;
				LastUpgradeCheck = 1250;
				TargetAttributes = {
					C9894CC826EBC40B00C86AF6 = {
						CreatedOnToolsVersion = 12.5.1;
					};
				};
			};
			buildConfigurationList = C9894CC426EBC40B00C86AF6 /* Build configuration list for PBXProject "AllTrails_Lunchtime" */;
			compatibilityVersion = "Xcode 9.3";
			developmentRegion = en;
			hasScannedForEncodings = 0;
			knownRegions = (
				en,
				Base,
			);
			mainGroup = C9894CC026EBC40B00C86AF6;
			productRefGroup = C9894CCA26EBC40B00C86AF6 /* Products */;
			projectDirPath = "";
			projectRoot = "";
			targets = (
				C9894CC826EBC40B00C86AF6 /* AllTrails_Lunchtime */,
			);
		};
/* End PBXProject section */

/* Begin PBXResourcesBuildPhase section */
		C9894CC726EBC40B00C86AF6 /* Resources */ = {
			isa = PBXResourcesBuildPhase;
			buildActionMask = 2147483647;
			files = (
				C9E2D68A26F10C0400E0580E /* FilterView.xib in Resources */,
				C9894CD926EBC41200C86AF6 /* LaunchScreen.storyboard in Resources */,
				C9E2D68C26F11BA800E0580E /* Assets.xcassets in Resources */,
				C9894CD426EBC40B00C86AF6 /* Main.storyboard in Resources */,
			);
			runOnlyForDeploymentPostprocessing = 0;
		};
/* End PBXResourcesBuildPhase section */

/* Begin PBXSourcesBuildPhase section */
		C9894CC526EBC40B00C86AF6 /* Sources */ = {
			isa = PBXSourcesBuildPhase;
			buildActionMask = 2147483647;
			files = (
				C9894CE526EBC71700C86AF6 /* Restaurant.swift in Sources */,
				C9894CEA26EBEF9E00C86AF6 /* ListLayout.swift in Sources */,
				C9E2D68626F0785100E0580E /* LunchAnnotationView.swift in Sources */,
				C97F5EEB26EFFF360036C96B /* LocationService.swift in Sources */,
				C9894CD126EBC40B00C86AF6 /* ListViewController.swift in Sources */,
				C9894CED26EBEFF600C86AF6 /* RestaurantCVCell.swift in Sources */,
				C9E2D69226F1489300E0580E /* DetailViewController.swift in Sources */,
				C9894CE226EBC5FF00C86AF6 /* ListCollectionController.swift in Sources */,
				C9E2D67826F00B0C00E0580E /* StarStack.swift in Sources */,
				C9894CCD26EBC40B00C86AF6 /* AppDelegate.swift in Sources */,
				C9E2D69426F158BD00E0580E /* RestaurantImages.swift in Sources */,
				C9E2D67A26F00B1F00E0580E /* DetailVerticalStack.swift in Sources */,
				C97F5EEE26F001210036C96B /* LocationAlertControllers.swift in Sources */,
				C9E2D68226F0638300E0580E /* FilterViewController.swift in Sources */,
				C9894CEF26EBF05D00C86AF6 /* DetailViewContent.swift in Sources */,
				C9894CE826EBCCB200C86AF6 /* PlacesAPIService.swift in Sources */,
				C9E2D68426F06E7600E0580E /* LunchAnnotation.swift in Sources */,
				C9894CCF26EBC40B00C86AF6 /* SceneDelegate.swift in Sources */,
				C9E2D68826F10BE800E0580E /* FilterView.swift in Sources */,
				C9E2D68F26F11D2F00E0580E /* NotificationNames.swift in Sources */,
				C9E2D67F26F05CA100E0580E /* MapViewController.swift in Sources */,
				C9E2D67C26F00E2400E0580E /* RestaurantViewModel.swift in Sources */,
			);
			runOnlyForDeploymentPostprocessing = 0;
		};
/* End PBXSourcesBuildPhase section */

/* Begin PBXVariantGroup section */
		C9894CD226EBC40B00C86AF6 /* Main.storyboard */ = {
			isa = PBXVariantGroup;
			children = (
				C9894CD326EBC40B00C86AF6 /* Base */,
			);
			name = Main.storyboard;
			sourceTree = "<group>";
		};
		C9894CD726EBC41200C86AF6 /* LaunchScreen.storyboard */ = {
			isa = PBXVariantGroup;
			children = (
				C9894CD826EBC41200C86AF6 /* Base */,
			);
			name = LaunchScreen.storyboard;
			sourceTree = "<group>";
		};
/* End PBXVariantGroup section */

/* Begin XCBuildConfiguration section */
		C9894CDB26EBC41200C86AF6 /* Debug */ = {
			isa = XCBuildConfiguration;
			buildSettings = {
				ALWAYS_SEARCH_USER_PATHS = NO;
				CLANG_ANALYZER_NONNULL = YES;
				CLANG_ANALYZER_NUMBER_OBJECT_CONVERSION = YES_AGGRESSIVE;
				CLANG_CXX_LANGUAGE_STANDARD = "gnu++14";
				CLANG_CXX_LIBRARY = "libc++";
				CLANG_ENABLE_MODULES = YES;
				CLANG_ENABLE_OBJC_ARC = YES;
				CLANG_ENABLE_OBJC_WEAK = YES;
				CLANG_WARN_BLOCK_CAPTURE_AUTORELEASING = YES;
				CLANG_WARN_BOOL_CONVERSION = YES;
				CLANG_WARN_COMMA = YES;
				CLANG_WARN_CONSTANT_CONVERSION = YES;
				CLANG_WARN_DEPRECATED_OBJC_IMPLEMENTATIONS = YES;
				CLANG_WARN_DIRECT_OBJC_ISA_USAGE = YES_ERROR;
				CLANG_WARN_DOCUMENTATION_COMMENTS = YES;
				CLANG_WARN_EMPTY_BODY = YES;
				CLANG_WARN_ENUM_CONVERSION = YES;
				CLANG_WARN_INFINITE_RECURSION = YES;
				CLANG_WARN_INT_CONVERSION = YES;
				CLANG_WARN_NON_LITERAL_NULL_CONVERSION = YES;
				CLANG_WARN_OBJC_IMPLICIT_RETAIN_SELF = YES;
				CLANG_WARN_OBJC_LITERAL_CONVERSION = YES;
				CLANG_WARN_OBJC_ROOT_CLASS = YES_ERROR;
				CLANG_WARN_QUOTED_INCLUDE_IN_FRAMEWORK_HEADER = YES;
				CLANG_WARN_RANGE_LOOP_ANALYSIS = YES;
				CLANG_WARN_STRICT_PROTOTYPES = YES;
				CLANG_WARN_SUSPICIOUS_MOVE = YES;
				CLANG_WARN_UNGUARDED_AVAILABILITY = YES_AGGRESSIVE;
				CLANG_WARN_UNREACHABLE_CODE = YES;
				CLANG_WARN__DUPLICATE_METHOD_MATCH = YES;
				COPY_PHASE_STRIP = NO;
				DEBUG_INFORMATION_FORMAT = dwarf;
				ENABLE_STRICT_OBJC_MSGSEND = YES;
				ENABLE_TESTABILITY = YES;
				GCC_C_LANGUAGE_STANDARD = gnu11;
				GCC_DYNAMIC_NO_PIC = NO;
				GCC_NO_COMMON_BLOCKS = YES;
				GCC_OPTIMIZATION_LEVEL = 0;
				GCC_PREPROCESSOR_DEFINITIONS = (
					"DEBUG=1",
					"$(inherited)",
				);
				GCC_WARN_64_TO_32_BIT_CONVERSION = YES;
				GCC_WARN_ABOUT_RETURN_TYPE = YES_ERROR;
				GCC_WARN_UNDECLARED_SELECTOR = YES;
				GCC_WARN_UNINITIALIZED_AUTOS = YES_AGGRESSIVE;
				GCC_WARN_UNUSED_FUNCTION = YES;
				GCC_WARN_UNUSED_VARIABLE = YES;
				IPHONEOS_DEPLOYMENT_TARGET = 14.5;
				MTL_ENABLE_DEBUG_INFO = INCLUDE_SOURCE;
				MTL_FAST_MATH = YES;
				ONLY_ACTIVE_ARCH = YES;
				SDKROOT = iphoneos;
				SWIFT_ACTIVE_COMPILATION_CONDITIONS = DEBUG;
				SWIFT_OPTIMIZATION_LEVEL = "-Onone";
			};
			name = Debug;
		};
		C9894CDC26EBC41200C86AF6 /* Release */ = {
			isa = XCBuildConfiguration;
			buildSettings = {
				ALWAYS_SEARCH_USER_PATHS = NO;
				CLANG_ANALYZER_NONNULL = YES;
				CLANG_ANALYZER_NUMBER_OBJECT_CONVERSION = YES_AGGRESSIVE;
				CLANG_CXX_LANGUAGE_STANDARD = "gnu++14";
				CLANG_CXX_LIBRARY = "libc++";
				CLANG_ENABLE_MODULES = YES;
				CLANG_ENABLE_OBJC_ARC = YES;
				CLANG_ENABLE_OBJC_WEAK = YES;
				CLANG_WARN_BLOCK_CAPTURE_AUTORELEASING = YES;
				CLANG_WARN_BOOL_CONVERSION = YES;
				CLANG_WARN_COMMA = YES;
				CLANG_WARN_CONSTANT_CONVERSION = YES;
				CLANG_WARN_DEPRECATED_OBJC_IMPLEMENTATIONS = YES;
				CLANG_WARN_DIRECT_OBJC_ISA_USAGE = YES_ERROR;
				CLANG_WARN_DOCUMENTATION_COMMENTS = YES;
				CLANG_WARN_EMPTY_BODY = YES;
				CLANG_WARN_ENUM_CONVERSION = YES;
				CLANG_WARN_INFINITE_RECURSION = YES;
				CLANG_WARN_INT_CONVERSION = YES;
				CLANG_WARN_NON_LITERAL_NULL_CONVERSION = YES;
				CLANG_WARN_OBJC_IMPLICIT_RETAIN_SELF = YES;
				CLANG_WARN_OBJC_LITERAL_CONVERSION = YES;
				CLANG_WARN_OBJC_ROOT_CLASS = YES_ERROR;
				CLANG_WARN_QUOTED_INCLUDE_IN_FRAMEWORK_HEADER = YES;
				CLANG_WARN_RANGE_LOOP_ANALYSIS = YES;
				CLANG_WARN_STRICT_PROTOTYPES = YES;
				CLANG_WARN_SUSPICIOUS_MOVE = YES;
				CLANG_WARN_UNGUARDED_AVAILABILITY = YES_AGGRESSIVE;
				CLANG_WARN_UNREACHABLE_CODE = YES;
				CLANG_WARN__DUPLICATE_METHOD_MATCH = YES;
				COPY_PHASE_STRIP = NO;
				DEBUG_INFORMATION_FORMAT = "dwarf-with-dsym";
				ENABLE_NS_ASSERTIONS = NO;
				ENABLE_STRICT_OBJC_MSGSEND = YES;
				GCC_C_LANGUAGE_STANDARD = gnu11;
				GCC_NO_COMMON_BLOCKS = YES;
				GCC_WARN_64_TO_32_BIT_CONVERSION = YES;
				GCC_WARN_ABOUT_RETURN_TYPE = YES_ERROR;
				GCC_WARN_UNDECLARED_SELECTOR = YES;
				GCC_WARN_UNINITIALIZED_AUTOS = YES_AGGRESSIVE;
				GCC_WARN_UNUSED_FUNCTION = YES;
				GCC_WARN_UNUSED_VARIABLE = YES;
				IPHONEOS_DEPLOYMENT_TARGET = 14.5;
				MTL_ENABLE_DEBUG_INFO = NO;
				MTL_FAST_MATH = YES;
				SDKROOT = iphoneos;
				SWIFT_COMPILATION_MODE = wholemodule;
				SWIFT_OPTIMIZATION_LEVEL = "-O";
				VALIDATE_PRODUCT = YES;
			};
			name = Release;
		};
		C9894CDE26EBC41200C86AF6 /* Debug */ = {
			isa = XCBuildConfiguration;
			buildSettings = {
				ASSETCATALOG_COMPILER_APPICON_NAME = AppIcon;
				ASSETCATALOG_COMPILER_GLOBAL_ACCENT_COLOR_NAME = AccentColor;
				CODE_SIGN_ENTITLEMENTS = AllTrails_Lunchtime/AllTrails_Lunchtime.entitlements;
				CODE_SIGN_STYLE = Automatic;
				DEVELOPMENT_TEAM = LC6LA68FBS;
				INFOPLIST_FILE = AllTrails_Lunchtime/Info.plist;
				LD_RUNPATH_SEARCH_PATHS = (
					"$(inherited)",
					"@executable_path/Frameworks",
				);
				PRODUCT_BUNDLE_IDENTIFIER = "com.takehome.AllTrails-Lunchtime";
				PRODUCT_NAME = "$(TARGET_NAME)";
				SUPPORTS_MACCATALYST = YES;
				SWIFT_VERSION = 5.0;
				TARGETED_DEVICE_FAMILY = "1,2";
			};
			name = Debug;
		};
		C9894CDF26EBC41200C86AF6 /* Release */ = {
			isa = XCBuildConfiguration;
			buildSettings = {
				ASSETCATALOG_COMPILER_APPICON_NAME = AppIcon;
				ASSETCATALOG_COMPILER_GLOBAL_ACCENT_COLOR_NAME = AccentColor;
				CODE_SIGN_ENTITLEMENTS = AllTrails_Lunchtime/AllTrails_Lunchtime.entitlements;
				CODE_SIGN_STYLE = Automatic;
				DEVELOPMENT_TEAM = LC6LA68FBS;
				INFOPLIST_FILE = AllTrails_Lunchtime/Info.plist;
				LD_RUNPATH_SEARCH_PATHS = (
					"$(inherited)",
					"@executable_path/Frameworks",
				);
				PRODUCT_BUNDLE_IDENTIFIER = "com.takehome.AllTrails-Lunchtime";
				PRODUCT_NAME = "$(TARGET_NAME)";
				SUPPORTS_MACCATALYST = YES;
				SWIFT_VERSION = 5.0;
				TARGETED_DEVICE_FAMILY = "1,2";
			};
			name = Release;
		};
/* End XCBuildConfiguration section */

/* Begin XCConfigurationList section */
		C9894CC426EBC40B00C86AF6 /* Build configuration list for PBXProject "AllTrails_Lunchtime" */ = {
			isa = XCConfigurationList;
			buildConfigurations = (
				C9894CDB26EBC41200C86AF6 /* Debug */,
				C9894CDC26EBC41200C86AF6 /* Release */,
			);
			defaultConfigurationIsVisible = 0;
			defaultConfigurationName = Release;
		};
		C9894CDD26EBC41200C86AF6 /* Build configuration list for PBXNativeTarget "AllTrails_Lunchtime" */ = {
			isa = XCConfigurationList;
			buildConfigurations = (
				C9894CDE26EBC41200C86AF6 /* Debug */,
				C9894CDF26EBC41200C86AF6 /* Release */,
			);
			defaultConfigurationIsVisible = 0;
			defaultConfigurationName = Release;
		};
/* End XCConfigurationList section */
	};
	rootObject = C9894CC126EBC40B00C86AF6 /* Project object */;
}
